
Microsoft Visual Studio Solution File, Format Version 12.00
# Visual Studio Version 16
VisualStudioVersion = 16.0.30717.126
MinimumVisualStudioVersion = 10.0.40219.1
Project("{FAE04EC0-301F-11D3-BF4B-00C04F79EFBC}") = "MyCVCore", "MyCVCore\MyCVCore.csproj", "{1AC4B28C-7458-452F-B43B-0F723AC85632}"
EndProject
Project("{FAE04EC0-301F-11D3-BF4B-00C04F79EFBC}") = "DataAccessLayer", "DataAccessLayer\DataAccessLayer.csproj", "{AD3F9244-B3F9-4EF1-911B-C839E030E92C}"
EndProject
Project("{FAE04EC0-301F-11D3-BF4B-00C04F79EFBC}") = "BusinessLayer", "BusinessLayer\BusinessLayer.csproj", "{14014FFD-DF72-4883-8786-CBFFEE578EB2}"
EndProject
Global
	GlobalSection(SolutionConfigurationPlatforms) = preSolution
		Debug|Any CPU = Debug|Any CPU
		Release|Any CPU = Release|Any CPU
	EndGlobalSection
	GlobalSection(ProjectConfigurationPlatforms) = postSolution
		{1AC4B28C-7458-452F-B43B-0F723AC85632}.Debug|Any CPU.ActiveCfg = Debug|Any CPU
		{1AC4B28C-7458-452F-B43B-0F723AC85632}.Debug|Any CPU.Build.0 = Debug|Any CPU
		{1AC4B28C-7458-452F-B43B-0F723AC85632}.Release|Any CPU.ActiveCfg = Release|Any CPU
		{1AC4B28C-7458-452F-B43B-0F723AC85632}.Release|Any CPU.Build.0 = Release|Any CPU
		{AD3F9244-B3F9-4EF1-911B-C839E030E92C}.Debug|Any CPU.ActiveCfg = Debug|Any CPU
		{AD3F9244-B3F9-4EF1-911B-C839E030E92C}.Debug|Any CPU.Build.0 = Debug|Any CPU
		{AD3F9244-B3F9-4EF1-911B-C839E030E92C}.Release|Any CPU.ActiveCfg = Release|Any CPU
		{AD3F9244-B3F9-4EF1-911B-C839E030E92C}.Release|Any CPU.Build.0 = Release|Any CPU
		{14014FFD-DF72-4883-8786-CBFFEE578EB2}.Debug|Any CPU.ActiveCfg = Debug|Any CPU
		{14014FFD-DF72-4883-8786-CBFFEE578EB2}.Debug|Any CPU.Build.0 = Debug|Any CPU
		{14014FFD-DF72-4883-8786-CBFFEE578EB2}.Release|Any CPU.ActiveCfg = Release|Any CPU
		{14014FFD-DF72-4883-8786-CBFFEE578EB2}.Release|Any CPU.Build.0 = Release|Any CPU
	EndGlobalSection
	GlobalSection(SolutionProperties) = preSolution
		HideSolutionNode = FALSE
	EndGlobalSection
	GlobalSection(ExtensibilityGlobals) = postSolution
		SolutionGuid = {5797B8EA-B921-494D-9E78-1019F9F3499C}
	EndGlobalSection
EndGlobal
